<Solution>
  <Folder Name="/AppHost/">
    <Project Path="src/Dynasty.Carrington.AppHost/Dynasty.Carrington.AppHost.csproj" />
    <Project Path="src/Dynasty.Carrington.ServiceDefaults/Dynasty.Carrington.ServiceDefaults.csproj" />
  </Folder>
  <Folder Name="/Carrington/">
    <Project Path="src/Dynasty.Carrington.Core/Dynasty.Carrington.Core.csproj" />
  </Folder>
  <Folder Name="/Carrington/Blake/">
    <Project Path="src/Blake/Web.Shared/Web.Shared.csproj" />
    <Project Path="src/Blake/Web.Client/Web.Client.csproj" />
    <Project Path="src/Blake/Web/Web.csproj" />
    <Project Path="src/Blake/Application/Application.csproj" />
    <Project Path="src/Blake/Domain/Domain.csproj" />
    <Project Path="src/Blake/Infrastructure.Database/Infrastructure.Database.csproj" />
  </Folder>
  <Folder Name="/Carrington/Linda/">
    <Project Path="src/Linda/Api/Api.csproj" />
    <Project Path="src/Linda/Application/Application.csproj" />
    <Project Path="src/Linda/Domain/Domain.csproj" />
    <Project Path="src/Linda/Infrastructure/Infrastructure.csproj" />
  </Folder>
  <Folder Name="/SolutionFolder/">
    <File Path=".editorconfig" />
    <File Path=".gitignore" />
    <File Path="Directory.Build.props" />
    <File Path="Directory.Packages.props" />
  </Folder>
  <Folder Name="/Tests/">
    <Project Path="tests/Dynasty.Carrington.Blake.Tests/Dynasty.Carrington.Blake.Tests.csproj" />
    <Project Path="tests/Dynasty.Carrington.Linda.Tests/Dynasty.Carrington.Linda.Tests.csproj" />
  </Folder>
  <Project Path="src/Dynasty.Utils/Dynasty.Utils.csproj" />
</Solution>
